
Microsoft Visual Studio Solution File, Format Version 12.00
# Visual Studio Version 17
VisualStudioVersion = 17.3.32922.545
MinimumVisualStudioVersion = 10.0.40219.1
Project("{8BC9CEB8-8B4A-11D0-8D11-00A0C91BC942}") = "Desafio1", "Desafio1\Desafio1.vcxproj", "{4778A4C5-8912-4C49-93D6-8029933C98D9}"
EndProject
Global
	GlobalSection(SolutionConfigurationPlatforms) = preSolution
		Debug|x64 = Debug|x64
		Debug|x86 = Debug|x86
		Release|x64 = Release|x64
		Release|x86 = Release|x86
	EndGlobalSection
	GlobalSection(ProjectConfigurationPlatforms) = postSolution
		{4778A4C5-8912-4C49-93D6-8029933C98D9}.Debug|x64.ActiveCfg = Debug|x64
		{4778A4C5-8912-4C49-93D6-8029933C98D9}.Debug|x64.Build.0 = Debug|x64
		{4778A4C5-8912-4C49-93D6-8029933C98D9}.Debug|x86.ActiveCfg = Debug|Win32
		{4778A4C5-8912-4C49-93D6-8029933C98D9}.Debug|x86.Build.0 = Debug|Win32
		{4778A4C5-8912-4C49-93D6-8029933C98D9}.Release|x64.ActiveCfg = Release|x64
		{4778A4C5-8912-4C49-93D6-8029933C98D9}.Release|x64.Build.0 = Release|x64
		{4778A4C5-8912-4C49-93D6-8029933C98D9}.Release|x86.ActiveCfg = Release|Win32
		{4778A4C5-8912-4C49-93D6-8029933C98D9}.Release|x86.Build.0 = Release|Win32
	EndGlobalSection
	GlobalSection(SolutionProperties) = preSolution
		HideSolutionNode = FALSE
	EndGlobalSection
	GlobalSection(ExtensibilityGlobals) = postSolution
		SolutionGuid = {5BEDC7EE-DFFA-4E8B-9902-21309E5E2DFD}
	EndGlobalSection
EndGlobal
